<Solution>
  <Project Path="src/AnnouncementBot.WebAPI/AnnouncementBot.WebAPI.csproj" Id="3b68fd63-0d82-43bf-a4a1-dff7e5e98eb6" />
  <Project Path="src/AnnouncementBot.Application/AnnouncementBot.Application.csproj" />
  <Project Path="src/AnnouncementBot.Domain/AnnouncementBot.Domain.csproj" />
  <Project Path="src/AnnouncementBot.Infrastructure/AnnouncementBot.Infrastructure.csproj" />
</Solution>